
Microsoft Visual Studio Solution File, Format Version 12.00
# Visual Studio Version 17
VisualStudioVersion = 17.14.36414.22 d17.14
MinimumVisualStudioVersion = 10.0.40219.1
Project("{FAE04EC0-301F-11D3-BF4B-00C04F79EFBC}") = "WoooooooDockerrr", "WoooooooDockerrr\WoooooooDockerrr.csproj", "{20BEC226-FCB5-4A5F-ABDA-B011EC5A19E6}"
EndProject
Global
	GlobalSection(SolutionConfigurationPlatforms) = preSolution
		Debug|Any CPU = Debug|Any CPU
		Release|Any CPU = Release|Any CPU
	EndGlobalSection
	GlobalSection(ProjectConfigurationPlatforms) = postSolution
		{20BEC226-FCB5-4A5F-ABDA-B011EC5A19E6}.Debug|Any CPU.ActiveCfg = Debug|Any CPU
		{20BEC226-FCB5-4A5F-ABDA-B011EC5A19E6}.Debug|Any CPU.Build.0 = Debug|Any CPU
		{20BEC226-FCB5-4A5F-ABDA-B011EC5A19E6}.Release|Any CPU.ActiveCfg = Release|Any CPU
		{20BEC226-FCB5-4A5F-ABDA-B011EC5A19E6}.Release|Any CPU.Build.0 = Release|Any CPU
	EndGlobalSection
	GlobalSection(SolutionProperties) = preSolution
		HideSolutionNode = FALSE
	EndGlobalSection
	GlobalSection(ExtensibilityGlobals) = postSolution
		SolutionGuid = {01380DDF-DE39-48F6-8098-23F886C88A71}
	EndGlobalSection
EndGlobal
